<?xml version="1.0" encoding="utf-8"?>
<Project ToolsVersion="4.0" xmlns="http://schemas.microsoft.com/developer/msbuild/2003">
  <ItemGroup>
    <Filter Include="source">
      <UniqueIdentifier>{ceb3db5d-ca2b-4e76-aede-d4c4e1c4eced}</UniqueIdentifier>
    </Filter>
    <Filter Include="data">
      <UniqueIdentifier>{9664c414-d95a-40a0-8009-b40c83bf852a}</UniqueIdentifier>
    </Filter>
    <Filter Include="source\framework">
      <UniqueIdentifier>{c152bc6b-3122-4949-8523-7d2685893ef1}</UniqueIdentifier>
    </Filter>
    <Filter Include="include">
      <UniqueIdentifier>{34689e3a-daf2-4fa5-af4b-8f3f0a614b34}</UniqueIdentifier>
    </Filter>
    <Filter Include="include\GL">
      <UniqueIdentifier>{1612be7d-a5bc-4542-97d3-4d8e04686764}</UniqueIdentifier>
    </Filter>
    <Filter Include="include\glad">
      <UniqueIdentifier>{226063b4-59ca-4be3-a25f-fc6b0db90f9d}</UniqueIdentifier>
    </Filter>
    <Filter Include="include\GLFW">
      <UniqueIdentifier>{b7643ab7-a8a7-47a2-afe3-76a237a86276}</UniqueIdentifier>
    </Filter>
    <Filter Include="include\glm">
      <UniqueIdentifier>{69368b11-a74d-4e0f-b9be-550ee02520b0}</UniqueIdentifier>
    </Filter>
    <Filter Include="include\KHR">
      <UniqueIdentifier>{24aa5838-bbb4-42b9-bd23-dcfcf19d1cff}</UniqueIdentifier>
    </Filter>
    <Filter Include="include\glm\detail">
      <UniqueIdentifier>{f2ecd005-0acd-4bab-8520-fd1f066aae5d}</UniqueIdentifier>
    </Filter>
    <Filter Include="include\glm\ext">
      <UniqueIdentifier>{9be70c1c-2d16-4a20-baf9-4cae3be7ecb4}</UniqueIdentifier>
    </Filter>
    <Filter Include="include\glm\gtc">
      <UniqueIdentifier>{a61753e8-f005-4258-815d-b36d6b015144}</UniqueIdentifier>
    </Filter>
    <Filter Include="include\glm\gtx">
      <UniqueIdentifier>{a4d619aa-a62c-46bb-be52-c9ea707af5fb}</UniqueIdentifier>
    </Filter>
    <Filter Include="include\glm\simd">
      <UniqueIdentifier>{42e4f65f-6879-4a0d-9347-d5c765b66117}</UniqueIdentifier>
    </Filter>
    <Filter Include="source\game">
      <UniqueIdentifier>{d92bf5af-2236-4aa0-92f1-990653191961}</UniqueIdentifier>
    </Filter>
  </ItemGroup>
  <ItemGroup>
    <ClCompile Include="source/main.cpp">
      <Filter>source</Filter>
    </ClCompile>
    <ClCompile Include="source\framework\glad.c">
      <Filter>source\framework</Filter>
    </ClCompile>
    <ClCompile Include="include\glm\detail\glm.cpp">
      <Filter>include\glm\detail</Filter>
    </ClCompile>
    <ClCompile Include="source\framework\engine.cpp">
      <Filter>source\framework</Filter>
    </ClCompile>
    <ClCompile Include="source\framework\object.cpp">
      <Filter>source\framework</Filter>
    </ClCompile>
    <ClCompile Include="source\framework\filesystem.cpp">
      <Filter>source\framework</Filter>
    </ClCompile>
    <ClCompile Include="source\framework\mesh.cpp">
      <Filter>source\framework</Filter>
    </ClCompile>
    <ClCompile Include="source\framework\camera.cpp">
      <Filter>source\framework</Filter>
    </ClCompile>
    <ClCompile Include="source\framework\shader.cpp">
      <Filter>source\framework</Filter>
    </ClCompile>
    <ClCompile Include="source\framework\utils.cpp">
      <Filter>source\framework</Filter>
    </ClCompile>
    <ClCompile Include="source\game\plane.cpp">
      <Filter>source\game</Filter>
    </ClCompile>
    <ClCompile Include="source\game\core.cpp">
      <Filter>source\game</Filter>
    </ClCompile>
    <ClCompile Include="source\game\joint_buffer.cpp">
      <Filter>source\game</Filter>
    </ClCompile>
    <ClCompile Include="source\game\sphere.cpp">
      <Filter>source\game</Filter>
    </ClCompile>
    <ClCompile Include="source\game\cube.cpp" />
    <ClCompile Include="source\game\intersection.cpp" />
  </ItemGroup>
  <ItemGroup>
    <None Include="data\shader.frag">
      <Filter>data</Filter>
    </None>
    <None Include="data\shader.vert">
      <Filter>data</Filter>
    </None>
    <None Include="include\glm\detail\func_common.inl">
      <Filter>include\glm\detail</Filter>
    </None>
    <None Include="include\glm\detail\func_common_simd.inl">
      <Filter>include\glm\detail</Filter>
    </None>
    <None Include="include\glm\detail\func_exponential.inl">
      <Filter>include\glm\detail</Filter>
    </None>
    <None Include="include\glm\detail\func_exponential_simd.inl">
      <Filter>include\glm\detail</Filter>
    </None>
    <None Include="include\glm\detail\func_geometric.inl">
      <Filter>include\glm\detail</Filter>
    </None>
    <None Include="include\glm\detail\func_geometric_simd.inl">
      <Filter>include\glm\detail</Filter>
    </None>
    <None Include="include\glm\detail\func_integer.inl">
      <Filter>include\glm\detail</Filter>
    </None>
    <None Include="include\glm\detail\func_integer_simd.inl">
      <Filter>include\glm\detail</Filter>
    </None>
    <None Include="include\glm\detail\func_matrix.inl">
      <Filter>include\glm\detail</Filter>
    </None>
    <None Include="include\glm\detail\func_matrix_simd.inl">
      <Filter>include\glm\detail</Filter>
    </None>
    <None Include="include\glm\detail\func_packing.inl">
      <Filter>include\glm\detail</Filter>
    </None>
    <None Include="include\glm\detail\func_packing_simd.inl">
      <Filter>include\glm\detail</Filter>
    </None>
    <None Include="include\glm\detail\func_trigonometric.inl">
      <Filter>include\glm\detail</Filter>
    </None>
    <None Include="include\glm\detail\func_trigonometric_simd.inl">
      <Filter>include\glm\detail</Filter>
    </None>
    <None Include="include\glm\detail\func_vector_relational.inl">
      <Filter>include\glm\detail</Filter>
    </None>
    <None Include="include\glm\detail\func_vector_relational_simd.inl">
      <Filter>include\glm\detail</Filter>
    </None>
    <None Include="include\glm\detail\type_half.inl">
      <Filter>include\glm\detail</Filter>
    </None>
    <None Include="include\glm\detail\type_mat2x2.inl">
      <Filter>include\glm\detail</Filter>
    </None>
    <None Include="include\glm\detail\type_mat2x3.inl">
      <Filter>include\glm\detail</Filter>
    </None>
    <None Include="include\glm\detail\type_mat2x4.inl">
      <Filter>include\glm\detail</Filter>
    </None>
    <None Include="include\glm\detail\type_mat3x2.inl">
      <Filter>include\glm\detail</Filter>
    </None>
    <None Include="include\glm\detail\type_mat3x3.inl">
      <Filter>include\glm\detail</Filter>
    </None>
    <None Include="include\glm\detail\type_mat3x4.inl">
      <Filter>include\glm\detail</Filter>
    </None>
    <None Include="include\glm\detail\type_mat4x2.inl">
      <Filter>include\glm\detail</Filter>
    </None>
    <None Include="include\glm\detail\type_mat4x3.inl">
      <Filter>include\glm\detail</Filter>
    </None>
    <None Include="include\glm\detail\type_mat4x4.inl">
      <Filter>include\glm\detail</Filter>
    </None>
    <None Include="include\glm\detail\type_mat4x4_simd.inl">
      <Filter>include\glm\detail</Filter>
    </None>
    <None Include="include\glm\detail\type_quat.inl">
      <Filter>include\glm\detail</Filter>
    </None>
    <None Include="include\glm\detail\type_quat_simd.inl">
      <Filter>include\glm\detail</Filter>
    </None>
    <None Include="include\glm\detail\type_vec1.inl">
      <Filter>include\glm\detail</Filter>
    </None>
    <None Include="include\glm\detail\type_vec2.inl">
      <Filter>include\glm\detail</Filter>
    </None>
    <None Include="include\glm\detail\type_vec3.inl">
      <Filter>include\glm\detail</Filter>
    </None>
    <None Include="include\glm\detail\type_vec4.inl">
      <Filter>include\glm\detail</Filter>
    </None>
    <None Include="include\glm\detail\type_vec4_simd.inl">
      <Filter>include\glm\detail</Filter>
    </None>
    <None Include="include\glm\ext\matrix_clip_space.inl">
      <Filter>include\glm\ext</Filter>
    </None>
    <None Include="include\glm\ext\matrix_projection.inl">
      <Filter>include\glm\ext</Filter>
    </None>
    <None Include="include\glm\ext\matrix_relational.inl">
      <Filter>include\glm\ext</Filter>
    </None>
    <None Include="include\glm\ext\matrix_transform.inl">
      <Filter>include\glm\ext</Filter>
    </None>
    <None Include="include\glm\ext\quaternion_common.inl">
      <Filter>include\glm\ext</Filter>
    </None>
    <None Include="include\glm\ext\quaternion_common_simd.inl">
      <Filter>include\glm\ext</Filter>
    </None>
    <None Include="include\glm\ext\quaternion_exponential.inl">
      <Filter>include\glm\ext</Filter>
    </None>
    <None Include="include\glm\ext\quaternion_geometric.inl">
      <Filter>include\glm\ext</Filter>
    </None>
    <None Include="include\glm\ext\quaternion_relational.inl">
      <Filter>include\glm\ext</Filter>
    </None>
    <None Include="include\glm\ext\quaternion_transform.inl">
      <Filter>include\glm\ext</Filter>
    </None>
    <None Include="include\glm\ext\quaternion_trigonometric.inl">
      <Filter>include\glm\ext</Filter>
    </None>
    <None Include="include\glm\ext\scalar_common.inl">
      <Filter>include\glm\ext</Filter>
    </None>
    <None Include="include\glm\ext\scalar_constants.inl">
      <Filter>include\glm\ext</Filter>
    </None>
    <None Include="include\glm\ext\scalar_relational.inl">
      <Filter>include\glm\ext</Filter>
    </None>
    <None Include="include\glm\ext\scalar_ulp.inl">
      <Filter>include\glm\ext</Filter>
    </None>
    <None Include="include\glm\ext\vector_common.inl">
      <Filter>include\glm\ext</Filter>
    </None>
    <None Include="include\glm\ext\vector_relational.inl">
      <Filter>include\glm\ext</Filter>
    </None>
    <None Include="include\glm\ext\vector_ulp.inl">
      <Filter>include\glm\ext</Filter>
    </None>
    <None Include="include\glm\gtc\bitfield.inl">
      <Filter>include\glm\gtc</Filter>
    </None>
    <None Include="include\glm\gtc\color_space.inl">
      <Filter>include\glm\gtc</Filter>
    </None>
    <None Include="include\glm\gtc\constants.inl">
      <Filter>include\glm\gtc</Filter>
    </None>
    <None Include="include\glm\gtc\epsilon.inl">
      <Filter>include\glm\gtc</Filter>
    </None>
    <None Include="include\glm\gtc\integer.inl">
      <Filter>include\glm\gtc</Filter>
    </None>
    <None Include="include\glm\gtc\matrix_access.inl">
      <Filter>include\glm\gtc</Filter>
    </None>
    <None Include="include\glm\gtc\matrix_inverse.inl">
      <Filter>include\glm\gtc</Filter>
    </None>
    <None Include="include\glm\gtc\matrix_transform.inl">
      <Filter>include\glm\gtc</Filter>
    </None>
    <None Include="include\glm\gtc\noise.inl">
      <Filter>include\glm\gtc</Filter>
    </None>
    <None Include="include\glm\gtc\packing.inl">
      <Filter>include\glm\gtc</Filter>
    </None>
    <None Include="include\glm\gtc\quaternion.inl">
      <Filter>include\glm\gtc</Filter>
    </None>
    <None Include="include\glm\gtc\quaternion_simd.inl">
      <Filter>include\glm\gtc</Filter>
    </None>
    <None Include="include\glm\gtc\random.inl">
      <Filter>include\glm\gtc</Filter>
    </None>
    <None Include="include\glm\gtc\reciprocal.inl">
      <Filter>include\glm\gtc</Filter>
    </None>
    <None Include="include\glm\gtc\round.inl">
      <Filter>include\glm\gtc</Filter>
    </None>
    <None Include="include\glm\gtc\type_precision.inl">
      <Filter>include\glm\gtc</Filter>
    </None>
    <None Include="include\glm\gtc\type_ptr.inl">
      <Filter>include\glm\gtc</Filter>
    </None>
    <None Include="include\glm\gtc\ulp.inl">
      <Filter>include\glm\gtc</Filter>
    </None>
    <None Include="include\glm\gtx\associated_min_max.inl">
      <Filter>include\glm\gtx</Filter>
    </None>
    <None Include="include\glm\gtx\bit.inl">
      <Filter>include\glm\gtx</Filter>
    </None>
    <None Include="include\glm\gtx\closest_point.inl">
      <Filter>include\glm\gtx</Filter>
    </None>
    <None Include="include\glm\gtx\color_encoding.inl">
      <Filter>include\glm\gtx</Filter>
    </None>
    <None Include="include\glm\gtx\color_space.inl">
      <Filter>include\glm\gtx</Filter>
    </None>
    <None Include="include\glm\gtx\color_space_YCoCg.inl">
      <Filter>include\glm\gtx</Filter>
    </None>
    <None Include="include\glm\gtx\common.inl">
      <Filter>include\glm\gtx</Filter>
    </None>
    <None Include="include\glm\gtx\compatibility.inl">
      <Filter>include\glm\gtx</Filter>
    </None>
    <None Include="include\glm\gtx\component_wise.inl">
      <Filter>include\glm\gtx</Filter>
    </None>
    <None Include="include\glm\gtx\dual_quaternion.inl">
      <Filter>include\glm\gtx</Filter>
    </None>
    <None Include="include\glm\gtx\easing.inl">
      <Filter>include\glm\gtx</Filter>
    </None>
    <None Include="include\glm\gtx\euler_angles.inl">
      <Filter>include\glm\gtx</Filter>
    </None>
    <None Include="include\glm\gtx\extend.inl">
      <Filter>include\glm\gtx</Filter>
    </None>
    <None Include="include\glm\gtx\extended_min_max.inl">
      <Filter>include\glm\gtx</Filter>
    </None>
    <None Include="include\glm\gtx\exterior_product.inl">
      <Filter>include\glm\gtx</Filter>
    </None>
    <None Include="include\glm\gtx\fast_exponential.inl">
      <Filter>include\glm\gtx</Filter>
    </None>
    <None Include="include\glm\gtx\fast_square_root.inl">
      <Filter>include\glm\gtx</Filter>
    </None>
    <None Include="include\glm\gtx\fast_trigonometry.inl">
      <Filter>include\glm\gtx</Filter>
    </None>
    <None Include="include\glm\gtx\float_notmalize.inl">
      <Filter>include\glm\gtx</Filter>
    </None>
    <None Include="include\glm\gtx\functions.inl">
      <Filter>include\glm\gtx</Filter>
    </None>
    <None Include="include\glm\gtx\gradient_paint.inl">
      <Filter>include\glm\gtx</Filter>
    </None>
    <None Include="include\glm\gtx\handed_coordinate_space.inl">
      <Filter>include\glm\gtx</Filter>
    </None>
    <None Include="include\glm\gtx\hash.inl">
      <Filter>include\glm\gtx</Filter>
    </None>
    <None Include="include\glm\gtx\integer.inl">
      <Filter>include\glm\gtx</Filter>
    </None>
    <None Include="include\glm\gtx\intersect.inl">
      <Filter>include\glm\gtx</Filter>
    </None>
    <None Include="include\glm\gtx\io.inl">
      <Filter>include\glm\gtx</Filter>
    </None>
    <None Include="include\glm\gtx\log_base.inl">
      <Filter>include\glm\gtx</Filter>
    </None>
    <None Include="include\glm\gtx\matrix_cross_product.inl">
      <Filter>include\glm\gtx</Filter>
    </None>
    <None Include="include\glm\gtx\matrix_decompose.inl">
      <Filter>include\glm\gtx</Filter>
    </None>
    <None Include="include\glm\gtx\matrix_factorisation.inl">
      <Filter>include\glm\gtx</Filter>
    </None>
    <None Include="include\glm\gtx\matrix_interpolation.inl">
      <Filter>include\glm\gtx</Filter>
    </None>
    <None Include="include\glm\gtx\matrix_major_storage.inl">
      <Filter>include\glm\gtx</Filter>
    </None>
    <None Include="include\glm\gtx\matrix_operation.inl">
      <Filter>include\glm\gtx</Filter>
    </None>
    <None Include="include\glm\gtx\matrix_query.inl">
      <Filter>include\glm\gtx</Filter>
    </None>
    <None Include="include\glm\gtx\matrix_transform_2d.inl">
      <Filter>include\glm\gtx</Filter>
    </None>
    <None Include="include\glm\gtx\mixed_product.inl">
      <Filter>include\glm\gtx</Filter>
    </None>
    <None Include="include\glm\gtx\norm.inl">
      <Filter>include\glm\gtx</Filter>
    </None>
    <None Include="include\glm\gtx\normal.inl">
      <Filter>include\glm\gtx</Filter>
    </None>
    <None Include="include\glm\gtx\normalize_dot.inl">
      <Filter>include\glm\gtx</Filter>
    </None>
    <None Include="include\glm\gtx\number_precision.inl">
      <Filter>include\glm\gtx</Filter>
    </None>
    <None Include="include\glm\gtx\optimum_pow.inl">
      <Filter>include\glm\gtx</Filter>
    </None>
    <None Include="include\glm\gtx\orthonormalize.inl">
      <Filter>include\glm\gtx</Filter>
    </None>
    <None Include="include\glm\gtx\perpendicular.inl">
      <Filter>include\glm\gtx</Filter>
    </None>
    <None Include="include\glm\gtx\polar_coordinates.inl">
      <Filter>include\glm\gtx</Filter>
    </None>
    <None Include="include\glm\gtx\projection.inl">
      <Filter>include\glm\gtx</Filter>
    </None>
    <None Include="include\glm\gtx\quaternion.inl">
      <Filter>include\glm\gtx</Filter>
    </None>
    <None Include="include\glm\gtx\raw_data.inl">
      <Filter>include\glm\gtx</Filter>
    </None>
    <None Include="include\glm\gtx\rotate_normalized_axis.inl">
      <Filter>include\glm\gtx</Filter>
    </None>
    <None Include="include\glm\gtx\rotate_vector.inl">
      <Filter>include\glm\gtx</Filter>
    </None>
    <None Include="include\glm\gtx\scalar_relational.inl">
      <Filter>include\glm\gtx</Filter>
    </None>
    <None Include="include\glm\gtx\spline.inl">
      <Filter>include\glm\gtx</Filter>
    </None>
    <None Include="include\glm\gtx\std_based_type.inl">
      <Filter>include\glm\gtx</Filter>
    </None>
    <None Include="include\glm\gtx\string_cast.inl">
      <Filter>include\glm\gtx</Filter>
    </None>
    <None Include="include\glm\gtx\texture.inl">
      <Filter>include\glm\gtx</Filter>
    </None>
    <None Include="include\glm\gtx\transform.inl">
      <Filter>include\glm\gtx</Filter>
    </None>
    <None Include="include\glm\gtx\transform2.inl">
      <Filter>include\glm\gtx</Filter>
    </None>
    <None Include="include\glm\gtx\type_aligned.inl">
      <Filter>include\glm\gtx</Filter>
    </None>
    <None Include="include\glm\gtx\type_trait.inl">
      <Filter>include\glm\gtx</Filter>
    </None>
    <None Include="include\glm\gtx\vector_angle.inl">
      <Filter>include\glm\gtx</Filter>
    </None>
    <None Include="include\glm\gtx\vector_query.inl">
      <Filter>include\glm\gtx</Filter>
    </None>
    <None Include="include\glm\gtx\wrap.inl">
      <Filter>include\glm\gtx</Filter>
    </None>
  </ItemGroup>
  <ItemGroup>
    <ClInclude Include="source\framework\camera.h">
      <Filter>source\framework</Filter>
    </ClInclude>
    <ClInclude Include="source\framework\mesh.h">
      <Filter>source\framework</Filter>
    </ClInclude>
    <ClInclude Include="source\framework\shader.h">
      <Filter>source\framework</Filter>
    </ClInclude>
    <ClInclude Include="source\framework\filesystem.h">
      <Filter>source\framework</Filter>
    </ClInclude>
    <ClInclude Include="include\GL\glew.h">
      <Filter>include\GL</Filter>
    </ClInclude>
    <ClInclude Include="include\GL\glxew.h">
      <Filter>include\GL</Filter>
    </ClInclude>
    <ClInclude Include="include\GL\wglew.h">
      <Filter>include\GL</Filter>
    </ClInclude>
    <ClInclude Include="include\glad\glad.h">
      <Filter>include\glad</Filter>
    </ClInclude>
    <ClInclude Include="include\GLFW\glfw3.h">
      <Filter>include\GLFW</Filter>
    </ClInclude>
    <ClInclude Include="include\GLFW\glfw3native.h">
      <Filter>include\GLFW</Filter>
    </ClInclude>
    <ClInclude Include="include\KHR\khrplatform.h">
      <Filter>include\KHR</Filter>
    </ClInclude>
    <ClInclude Include="include\glm\common.hpp">
      <Filter>include\glm</Filter>
    </ClInclude>
    <ClInclude Include="include\glm\exponential.hpp">
      <Filter>include\glm</Filter>
    </ClInclude>
    <ClInclude Include="include\glm\ext.hpp">
      <Filter>include\glm</Filter>
    </ClInclude>
    <ClInclude Include="include\glm\fwd.hpp">
      <Filter>include\glm</Filter>
    </ClInclude>
    <ClInclude Include="include\glm\geometric.hpp">
      <Filter>include\glm</Filter>
    </ClInclude>
    <ClInclude Include="include\glm\glm.hpp">
      <Filter>include\glm</Filter>
    </ClInclude>
    <ClInclude Include="include\glm\integer.hpp">
      <Filter>include\glm</Filter>
    </ClInclude>
    <ClInclude Include="include\glm\mat2x2.hpp">
      <Filter>include\glm</Filter>
    </ClInclude>
    <ClInclude Include="include\glm\mat2x3.hpp">
      <Filter>include\glm</Filter>
    </ClInclude>
    <ClInclude Include="include\glm\mat2x4.hpp">
      <Filter>include\glm</Filter>
    </ClInclude>
    <ClInclude Include="include\glm\mat3x2.hpp">
      <Filter>include\glm</Filter>
    </ClInclude>
    <ClInclude Include="include\glm\mat3x3.hpp">
      <Filter>include\glm</Filter>
    </ClInclude>
    <ClInclude Include="include\glm\mat3x4.hpp">
      <Filter>include\glm</Filter>
    </ClInclude>
    <ClInclude Include="include\glm\mat4x2.hpp">
      <Filter>include\glm</Filter>
    </ClInclude>
    <ClInclude Include="include\glm\mat4x3.hpp">
      <Filter>include\glm</Filter>
    </ClInclude>
    <ClInclude Include="include\glm\mat4x4.hpp">
      <Filter>include\glm</Filter>
    </ClInclude>
    <ClInclude Include="include\glm\matrix.hpp">
      <Filter>include\glm</Filter>
    </ClInclude>
    <ClInclude Include="include\glm\packing.hpp">
      <Filter>include\glm</Filter>
    </ClInclude>
    <ClInclude Include="include\glm\trigonometric.hpp">
      <Filter>include\glm</Filter>
    </ClInclude>
    <ClInclude Include="include\glm\vec2.hpp">
      <Filter>include\glm</Filter>
    </ClInclude>
    <ClInclude Include="include\glm\vec3.hpp">
      <Filter>include\glm</Filter>
    </ClInclude>
    <ClInclude Include="include\glm\vec4.hpp">
      <Filter>include\glm</Filter>
    </ClInclude>
    <ClInclude Include="include\glm\vector_relational.hpp">
      <Filter>include\glm</Filter>
    </ClInclude>
    <ClInclude Include="include\glm\detail\_features.hpp">
      <Filter>include\glm\detail</Filter>
    </ClInclude>
    <ClInclude Include="include\glm\detail\_fixes.hpp">
      <Filter>include\glm\detail</Filter>
    </ClInclude>
    <ClInclude Include="include\glm\detail\_noise.hpp">
      <Filter>include\glm\detail</Filter>
    </ClInclude>
    <ClInclude Include="include\glm\detail\_swizzle.hpp">
      <Filter>include\glm\detail</Filter>
    </ClInclude>
    <ClInclude Include="include\glm\detail\_swizzle_func.hpp">
      <Filter>include\glm\detail</Filter>
    </ClInclude>
    <ClInclude Include="include\glm\detail\_vectorize.hpp">
      <Filter>include\glm\detail</Filter>
    </ClInclude>
    <ClInclude Include="include\glm\detail\compute_common.hpp">
      <Filter>include\glm\detail</Filter>
    </ClInclude>
    <ClInclude Include="include\glm\detail\compute_vector_relational.hpp">
      <Filter>include\glm\detail</Filter>
    </ClInclude>
    <ClInclude Include="include\glm\detail\qualifier.hpp">
      <Filter>include\glm\detail</Filter>
    </ClInclude>
    <ClInclude Include="include\glm\detail\setup.hpp">
      <Filter>include\glm\detail</Filter>
    </ClInclude>
    <ClInclude Include="include\glm\detail\type_float.hpp">
      <Filter>include\glm\detail</Filter>
    </ClInclude>
    <ClInclude Include="include\glm\detail\type_half.hpp">
      <Filter>include\glm\detail</Filter>
    </ClInclude>
    <ClInclude Include="include\glm\detail\type_mat2x2.hpp">
      <Filter>include\glm\detail</Filter>
    </ClInclude>
    <ClInclude Include="include\glm\detail\type_mat2x3.hpp">
      <Filter>include\glm\detail</Filter>
    </ClInclude>
    <ClInclude Include="include\glm\detail\type_mat2x4.hpp">
      <Filter>include\glm\detail</Filter>
    </ClInclude>
    <ClInclude Include="include\glm\detail\type_mat3x2.hpp">
      <Filter>include\glm\detail</Filter>
    </ClInclude>
    <ClInclude Include="include\glm\detail\type_mat3x3.hpp">
      <Filter>include\glm\detail</Filter>
    </ClInclude>
    <ClInclude Include="include\glm\detail\type_mat3x4.hpp">
      <Filter>include\glm\detail</Filter>
    </ClInclude>
    <ClInclude Include="include\glm\detail\type_mat4x2.hpp">
      <Filter>include\glm\detail</Filter>
    </ClInclude>
    <ClInclude Include="include\glm\detail\type_mat4x3.hpp">
      <Filter>include\glm\detail</Filter>
    </ClInclude>
    <ClInclude Include="include\glm\detail\type_mat4x4.hpp">
      <Filter>include\glm\detail</Filter>
    </ClInclude>
    <ClInclude Include="include\glm\detail\type_quat.hpp">
      <Filter>include\glm\detail</Filter>
    </ClInclude>
    <ClInclude Include="include\glm\detail\type_vec1.hpp">
      <Filter>include\glm\detail</Filter>
    </ClInclude>
    <ClInclude Include="include\glm\detail\type_vec2.hpp">
      <Filter>include\glm\detail</Filter>
    </ClInclude>
    <ClInclude Include="include\glm\detail\type_vec3.hpp">
      <Filter>include\glm\detail</Filter>
    </ClInclude>
    <ClInclude Include="include\glm\detail\type_vec4.hpp">
      <Filter>include\glm\detail</Filter>
    </ClInclude>
    <ClInclude Include="include\glm\ext\matrix_clip_space.hpp">
      <Filter>include\glm\ext</Filter>
    </ClInclude>
    <ClInclude Include="include\glm\ext\matrix_double2x2.hpp">
      <Filter>include\glm\ext</Filter>
    </ClInclude>
    <ClInclude Include="include\glm\ext\matrix_double2x2_precision.hpp">
      <Filter>include\glm\ext</Filter>
    </ClInclude>
    <ClInclude Include="include\glm\ext\matrix_double2x3.hpp">
      <Filter>include\glm\ext</Filter>
    </ClInclude>
    <ClInclude Include="include\glm\ext\matrix_double2x3_precision.hpp">
      <Filter>include\glm\ext</Filter>
    </ClInclude>
    <ClInclude Include="include\glm\ext\matrix_double2x4.hpp">
      <Filter>include\glm\ext</Filter>
    </ClInclude>
    <ClInclude Include="include\glm\ext\matrix_double2x4_precision.hpp">
      <Filter>include\glm\ext</Filter>
    </ClInclude>
    <ClInclude Include="include\glm\ext\matrix_double3x2.hpp">
      <Filter>include\glm\ext</Filter>
    </ClInclude>
    <ClInclude Include="include\glm\ext\matrix_double3x2_precision.hpp">
      <Filter>include\glm\ext</Filter>
    </ClInclude>
    <ClInclude Include="include\glm\ext\matrix_double3x3.hpp">
      <Filter>include\glm\ext</Filter>
    </ClInclude>
    <ClInclude Include="include\glm\ext\matrix_double3x3_precision.hpp">
      <Filter>include\glm\ext</Filter>
    </ClInclude>
    <ClInclude Include="include\glm\ext\matrix_double3x4.hpp">
      <Filter>include\glm\ext</Filter>
    </ClInclude>
    <ClInclude Include="include\glm\ext\matrix_double3x4_precision.hpp">
      <Filter>include\glm\ext</Filter>
    </ClInclude>
    <ClInclude Include="include\glm\ext\matrix_double4x2.hpp">
      <Filter>include\glm\ext</Filter>
    </ClInclude>
    <ClInclude Include="include\glm\ext\matrix_double4x2_precision.hpp">
      <Filter>include\glm\ext</Filter>
    </ClInclude>
    <ClInclude Include="include\glm\ext\matrix_double4x3.hpp">
      <Filter>include\glm\ext</Filter>
    </ClInclude>
    <ClInclude Include="include\glm\ext\matrix_double4x3_precision.hpp">
      <Filter>include\glm\ext</Filter>
    </ClInclude>
    <ClInclude Include="include\glm\ext\matrix_double4x4.hpp">
      <Filter>include\glm\ext</Filter>
    </ClInclude>
    <ClInclude Include="include\glm\ext\matrix_double4x4_precision.hpp">
      <Filter>include\glm\ext</Filter>
    </ClInclude>
    <ClInclude Include="include\glm\ext\matrix_float2x2.hpp">
      <Filter>include\glm\ext</Filter>
    </ClInclude>
    <ClInclude Include="include\glm\ext\matrix_float2x2_precision.hpp">
      <Filter>include\glm\ext</Filter>
    </ClInclude>
    <ClInclude Include="include\glm\ext\matrix_float2x3.hpp">
      <Filter>include\glm\ext</Filter>
    </ClInclude>
    <ClInclude Include="include\glm\ext\matrix_float2x3_precision.hpp">
      <Filter>include\glm\ext</Filter>
    </ClInclude>
    <ClInclude Include="include\glm\ext\matrix_float2x4.hpp">
      <Filter>include\glm\ext</Filter>
    </ClInclude>
    <ClInclude Include="include\glm\ext\matrix_float2x4_precision.hpp">
      <Filter>include\glm\ext</Filter>
    </ClInclude>
    <ClInclude Include="include\glm\ext\matrix_float3x2.hpp">
      <Filter>include\glm\ext</Filter>
    </ClInclude>
    <ClInclude Include="include\glm\ext\matrix_float3x2_precision.hpp">
      <Filter>include\glm\ext</Filter>
    </ClInclude>
    <ClInclude Include="include\glm\ext\matrix_float3x3.hpp">
      <Filter>include\glm\ext</Filter>
    </ClInclude>
    <ClInclude Include="include\glm\ext\matrix_float3x3_precision.hpp">
      <Filter>include\glm\ext</Filter>
    </ClInclude>
    <ClInclude Include="include\glm\ext\matrix_float3x4.hpp">
      <Filter>include\glm\ext</Filter>
    </ClInclude>
    <ClInclude Include="include\glm\ext\matrix_float3x4_precision.hpp">
      <Filter>include\glm\ext</Filter>
    </ClInclude>
    <ClInclude Include="include\glm\ext\matrix_float4x2.hpp">
      <Filter>include\glm\ext</Filter>
    </ClInclude>
    <ClInclude Include="include\glm\ext\matrix_float4x2_precision.hpp">
      <Filter>include\glm\ext</Filter>
    </ClInclude>
    <ClInclude Include="include\glm\ext\matrix_float4x3.hpp">
      <Filter>include\glm\ext</Filter>
    </ClInclude>
    <ClInclude Include="include\glm\ext\matrix_float4x3_precision.hpp">
      <Filter>include\glm\ext</Filter>
    </ClInclude>
    <ClInclude Include="include\glm\ext\matrix_float4x4.hpp">
      <Filter>include\glm\ext</Filter>
    </ClInclude>
    <ClInclude Include="include\glm\ext\matrix_float4x4_precision.hpp">
      <Filter>include\glm\ext</Filter>
    </ClInclude>
    <ClInclude Include="include\glm\ext\matrix_projection.hpp">
      <Filter>include\glm\ext</Filter>
    </ClInclude>
    <ClInclude Include="include\glm\ext\matrix_relational.hpp">
      <Filter>include\glm\ext</Filter>
    </ClInclude>
    <ClInclude Include="include\glm\ext\matrix_transform.hpp">
      <Filter>include\glm\ext</Filter>
    </ClInclude>
    <ClInclude Include="include\glm\ext\quaternion_common.hpp">
      <Filter>include\glm\ext</Filter>
    </ClInclude>
    <ClInclude Include="include\glm\ext\quaternion_double.hpp">
      <Filter>include\glm\ext</Filter>
    </ClInclude>
    <ClInclude Include="include\glm\ext\quaternion_double_precision.hpp">
      <Filter>include\glm\ext</Filter>
    </ClInclude>
    <ClInclude Include="include\glm\ext\quaternion_exponential.hpp">
      <Filter>include\glm\ext</Filter>
    </ClInclude>
    <ClInclude Include="include\glm\ext\quaternion_float.hpp">
      <Filter>include\glm\ext</Filter>
    </ClInclude>
    <ClInclude Include="include\glm\ext\quaternion_float_precision.hpp">
      <Filter>include\glm\ext</Filter>
    </ClInclude>
    <ClInclude Include="include\glm\ext\quaternion_geometric.hpp">
      <Filter>include\glm\ext</Filter>
    </ClInclude>
    <ClInclude Include="include\glm\ext\quaternion_relational.hpp">
      <Filter>include\glm\ext</Filter>
    </ClInclude>
    <ClInclude Include="include\glm\ext\quaternion_transform.hpp">
      <Filter>include\glm\ext</Filter>
    </ClInclude>
    <ClInclude Include="include\glm\ext\quaternion_trigonometric.hpp">
      <Filter>include\glm\ext</Filter>
    </ClInclude>
    <ClInclude Include="include\glm\ext\scalar_common.hpp">
      <Filter>include\glm\ext</Filter>
    </ClInclude>
    <ClInclude Include="include\glm\ext\scalar_constants.hpp">
      <Filter>include\glm\ext</Filter>
    </ClInclude>
    <ClInclude Include="include\glm\ext\scalar_int_sized.hpp">
      <Filter>include\glm\ext</Filter>
    </ClInclude>
    <ClInclude Include="include\glm\ext\scalar_relational.hpp">
      <Filter>include\glm\ext</Filter>
    </ClInclude>
    <ClInclude Include="include\glm\ext\scalar_uint_sized.hpp">
      <Filter>include\glm\ext</Filter>
    </ClInclude>
    <ClInclude Include="include\glm\ext\scalar_ulp.hpp">
      <Filter>include\glm\ext</Filter>
    </ClInclude>
    <ClInclude Include="include\glm\ext\vector_bool1.hpp">
      <Filter>include\glm\ext</Filter>
    </ClInclude>
    <ClInclude Include="include\glm\ext\vector_bool1_precision.hpp">
      <Filter>include\glm\ext</Filter>
    </ClInclude>
    <ClInclude Include="include\glm\ext\vector_bool2.hpp">
      <Filter>include\glm\ext</Filter>
    </ClInclude>
    <ClInclude Include="include\glm\ext\vector_bool2_precision.hpp">
      <Filter>include\glm\ext</Filter>
    </ClInclude>
    <ClInclude Include="include\glm\ext\vector_bool3.hpp">
      <Filter>include\glm\ext</Filter>
    </ClInclude>
    <ClInclude Include="include\glm\ext\vector_bool3_precision.hpp">
      <Filter>include\glm\ext</Filter>
    </ClInclude>
    <ClInclude Include="include\glm\ext\vector_bool4.hpp">
      <Filter>include\glm\ext</Filter>
    </ClInclude>
    <ClInclude Include="include\glm\ext\vector_bool4_precision.hpp">
      <Filter>include\glm\ext</Filter>
    </ClInclude>
    <ClInclude Include="include\glm\ext\vector_common.hpp">
      <Filter>include\glm\ext</Filter>
    </ClInclude>
    <ClInclude Include="include\glm\ext\vector_double1.hpp">
      <Filter>include\glm\ext</Filter>
    </ClInclude>
    <ClInclude Include="include\glm\ext\vector_double1_precision.hpp">
      <Filter>include\glm\ext</Filter>
    </ClInclude>
    <ClInclude Include="include\glm\ext\vector_double2.hpp">
      <Filter>include\glm\ext</Filter>
    </ClInclude>
    <ClInclude Include="include\glm\ext\vector_double2_precision.hpp">
      <Filter>include\glm\ext</Filter>
    </ClInclude>
    <ClInclude Include="include\glm\ext\vector_double3.hpp">
      <Filter>include\glm\ext</Filter>
    </ClInclude>
    <ClInclude Include="include\glm\ext\vector_double3_precision.hpp">
      <Filter>include\glm\ext</Filter>
    </ClInclude>
    <ClInclude Include="include\glm\ext\vector_double4.hpp">
      <Filter>include\glm\ext</Filter>
    </ClInclude>
    <ClInclude Include="include\glm\ext\vector_double4_precision.hpp">
      <Filter>include\glm\ext</Filter>
    </ClInclude>
    <ClInclude Include="include\glm\ext\vector_float1.hpp">
      <Filter>include\glm\ext</Filter>
    </ClInclude>
    <ClInclude Include="include\glm\ext\vector_float1_precision.hpp">
      <Filter>include\glm\ext</Filter>
    </ClInclude>
    <ClInclude Include="include\glm\ext\vector_float2.hpp">
      <Filter>include\glm\ext</Filter>
    </ClInclude>
    <ClInclude Include="include\glm\ext\vector_float2_precision.hpp">
      <Filter>include\glm\ext</Filter>
    </ClInclude>
    <ClInclude Include="include\glm\ext\vector_float3.hpp">
      <Filter>include\glm\ext</Filter>
    </ClInclude>
    <ClInclude Include="include\glm\ext\vector_float3_precision.hpp">
      <Filter>include\glm\ext</Filter>
    </ClInclude>
    <ClInclude Include="include\glm\ext\vector_float4.hpp">
      <Filter>include\glm\ext</Filter>
    </ClInclude>
    <ClInclude Include="include\glm\ext\vector_float4_precision.hpp">
      <Filter>include\glm\ext</Filter>
    </ClInclude>
    <ClInclude Include="include\glm\ext\vector_int1.hpp">
      <Filter>include\glm\ext</Filter>
    </ClInclude>
    <ClInclude Include="include\glm\ext\vector_int1_precision.hpp">
      <Filter>include\glm\ext</Filter>
    </ClInclude>
    <ClInclude Include="include\glm\ext\vector_int2.hpp">
      <Filter>include\glm\ext</Filter>
    </ClInclude>
    <ClInclude Include="include\glm\ext\vector_int2_precision.hpp">
      <Filter>include\glm\ext</Filter>
    </ClInclude>
    <ClInclude Include="include\glm\ext\vector_int3.hpp">
      <Filter>include\glm\ext</Filter>
    </ClInclude>
    <ClInclude Include="include\glm\ext\vector_int3_precision.hpp">
      <Filter>include\glm\ext</Filter>
    </ClInclude>
    <ClInclude Include="include\glm\ext\vector_int4.hpp">
      <Filter>include\glm\ext</Filter>
    </ClInclude>
    <ClInclude Include="include\glm\ext\vector_int4_precision.hpp">
      <Filter>include\glm\ext</Filter>
    </ClInclude>
    <ClInclude Include="include\glm\ext\vector_relational.hpp">
      <Filter>include\glm\ext</Filter>
    </ClInclude>
    <ClInclude Include="include\glm\ext\vector_uint1.hpp">
      <Filter>include\glm\ext</Filter>
    </ClInclude>
    <ClInclude Include="include\glm\ext\vector_uint1_precision.hpp">
      <Filter>include\glm\ext</Filter>
    </ClInclude>
    <ClInclude Include="include\glm\ext\vector_uint2.hpp">
      <Filter>include\glm\ext</Filter>
    </ClInclude>
    <ClInclude Include="include\glm\ext\vector_uint2_precision.hpp">
      <Filter>include\glm\ext</Filter>
    </ClInclude>
    <ClInclude Include="include\glm\ext\vector_uint3.hpp">
      <Filter>include\glm\ext</Filter>
    </ClInclude>
    <ClInclude Include="include\glm\ext\vector_uint3_precision.hpp">
      <Filter>include\glm\ext</Filter>
    </ClInclude>
    <ClInclude Include="include\glm\ext\vector_uint4.hpp">
      <Filter>include\glm\ext</Filter>
    </ClInclude>
    <ClInclude Include="include\glm\ext\vector_uint4_precision.hpp">
      <Filter>include\glm\ext</Filter>
    </ClInclude>
    <ClInclude Include="include\glm\ext\vector_ulp.hpp">
      <Filter>include\glm\ext</Filter>
    </ClInclude>
    <ClInclude Include="include\glm\gtc\bitfield.hpp">
      <Filter>include\glm\gtc</Filter>
    </ClInclude>
    <ClInclude Include="include\glm\gtc\color_space.hpp">
      <Filter>include\glm\gtc</Filter>
    </ClInclude>
    <ClInclude Include="include\glm\gtc\constants.hpp">
      <Filter>include\glm\gtc</Filter>
    </ClInclude>
    <ClInclude Include="include\glm\gtc\epsilon.hpp">
      <Filter>include\glm\gtc</Filter>
    </ClInclude>
    <ClInclude Include="include\glm\gtc\integer.hpp">
      <Filter>include\glm\gtc</Filter>
    </ClInclude>
    <ClInclude Include="include\glm\gtc\matrix_access.hpp">
      <Filter>include\glm\gtc</Filter>
    </ClInclude>
    <ClInclude Include="include\glm\gtc\matrix_integer.hpp">
      <Filter>include\glm\gtc</Filter>
    </ClInclude>
    <ClInclude Include="include\glm\gtc\matrix_inverse.hpp">
      <Filter>include\glm\gtc</Filter>
    </ClInclude>
    <ClInclude Include="include\glm\gtc\matrix_transform.hpp">
      <Filter>include\glm\gtc</Filter>
    </ClInclude>
    <ClInclude Include="include\glm\gtc\noise.hpp">
      <Filter>include\glm\gtc</Filter>
    </ClInclude>
    <ClInclude Include="include\glm\gtc\packing.hpp">
      <Filter>include\glm\gtc</Filter>
    </ClInclude>
    <ClInclude Include="include\glm\gtc\quaternion.hpp">
      <Filter>include\glm\gtc</Filter>
    </ClInclude>
    <ClInclude Include="include\glm\gtc\random.hpp">
      <Filter>include\glm\gtc</Filter>
    </ClInclude>
    <ClInclude Include="include\glm\gtc\reciprocal.hpp">
      <Filter>include\glm\gtc</Filter>
    </ClInclude>
    <ClInclude Include="include\glm\gtc\round.hpp">
      <Filter>include\glm\gtc</Filter>
    </ClInclude>
    <ClInclude Include="include\glm\gtc\type_aligned.hpp">
      <Filter>include\glm\gtc</Filter>
    </ClInclude>
    <ClInclude Include="include\glm\gtc\type_precision.hpp">
      <Filter>include\glm\gtc</Filter>
    </ClInclude>
    <ClInclude Include="include\glm\gtc\type_ptr.hpp">
      <Filter>include\glm\gtc</Filter>
    </ClInclude>
    <ClInclude Include="include\glm\gtc\ulp.hpp">
      <Filter>include\glm\gtc</Filter>
    </ClInclude>
    <ClInclude Include="include\glm\gtc\vec1.hpp">
      <Filter>include\glm\gtc</Filter>
    </ClInclude>
    <ClInclude Include="include\glm\gtx\associated_min_max.hpp">
      <Filter>include\glm\gtx</Filter>
    </ClInclude>
    <ClInclude Include="include\glm\gtx\bit.hpp">
      <Filter>include\glm\gtx</Filter>
    </ClInclude>
    <ClInclude Include="include\glm\gtx\closest_point.hpp">
      <Filter>include\glm\gtx</Filter>
    </ClInclude>
    <ClInclude Include="include\glm\gtx\color_encoding.hpp">
      <Filter>include\glm\gtx</Filter>
    </ClInclude>
    <ClInclude Include="include\glm\gtx\color_space.hpp">
      <Filter>include\glm\gtx</Filter>
    </ClInclude>
    <ClInclude Include="include\glm\gtx\color_space_YCoCg.hpp">
      <Filter>include\glm\gtx</Filter>
    </ClInclude>
    <ClInclude Include="include\glm\gtx\common.hpp">
      <Filter>include\glm\gtx</Filter>
    </ClInclude>
    <ClInclude Include="include\glm\gtx\compatibility.hpp">
      <Filter>include\glm\gtx</Filter>
    </ClInclude>
    <ClInclude Include="include\glm\gtx\component_wise.hpp">
      <Filter>include\glm\gtx</Filter>
    </ClInclude>
    <ClInclude Include="include\glm\gtx\dual_quaternion.hpp">
      <Filter>include\glm\gtx</Filter>
    </ClInclude>
    <ClInclude Include="include\glm\gtx\easing.hpp">
      <Filter>include\glm\gtx</Filter>
    </ClInclude>
    <ClInclude Include="include\glm\gtx\euler_angles.hpp">
      <Filter>include\glm\gtx</Filter>
    </ClInclude>
    <ClInclude Include="include\glm\gtx\extend.hpp">
      <Filter>include\glm\gtx</Filter>
    </ClInclude>
    <ClInclude Include="include\glm\gtx\extended_min_max.hpp">
      <Filter>include\glm\gtx</Filter>
    </ClInclude>
    <ClInclude Include="include\glm\gtx\exterior_product.hpp">
      <Filter>include\glm\gtx</Filter>
    </ClInclude>
    <ClInclude Include="include\glm\gtx\fast_exponential.hpp">
      <Filter>include\glm\gtx</Filter>
    </ClInclude>
    <ClInclude Include="include\glm\gtx\fast_square_root.hpp">
      <Filter>include\glm\gtx</Filter>
    </ClInclude>
    <ClInclude Include="include\glm\gtx\fast_trigonometry.hpp">
      <Filter>include\glm\gtx</Filter>
    </ClInclude>
    <ClInclude Include="include\glm\gtx\functions.hpp">
      <Filter>include\glm\gtx</Filter>
    </ClInclude>
    <ClInclude Include="include\glm\gtx\gradient_paint.hpp">
      <Filter>include\glm\gtx</Filter>
    </ClInclude>
    <ClInclude Include="include\glm\gtx\handed_coordinate_space.hpp">
      <Filter>include\glm\gtx</Filter>
    </ClInclude>
    <ClInclude Include="include\glm\gtx\hash.hpp">
      <Filter>include\glm\gtx</Filter>
    </ClInclude>
    <ClInclude Include="include\glm\gtx\integer.hpp">
      <Filter>include\glm\gtx</Filter>
    </ClInclude>
    <ClInclude Include="include\glm\gtx\intersect.hpp">
      <Filter>include\glm\gtx</Filter>
    </ClInclude>
    <ClInclude Include="include\glm\gtx\io.hpp">
      <Filter>include\glm\gtx</Filter>
    </ClInclude>
    <ClInclude Include="include\glm\gtx\log_base.hpp">
      <Filter>include\glm\gtx</Filter>
    </ClInclude>
    <ClInclude Include="include\glm\gtx\matrix_cross_product.hpp">
      <Filter>include\glm\gtx</Filter>
    </ClInclude>
    <ClInclude Include="include\glm\gtx\matrix_decompose.hpp">
      <Filter>include\glm\gtx</Filter>
    </ClInclude>
    <ClInclude Include="include\glm\gtx\matrix_factorisation.hpp">
      <Filter>include\glm\gtx</Filter>
    </ClInclude>
    <ClInclude Include="include\glm\gtx\matrix_interpolation.hpp">
      <Filter>include\glm\gtx</Filter>
    </ClInclude>
    <ClInclude Include="include\glm\gtx\matrix_major_storage.hpp">
      <Filter>include\glm\gtx</Filter>
    </ClInclude>
    <ClInclude Include="include\glm\gtx\matrix_operation.hpp">
      <Filter>include\glm\gtx</Filter>
    </ClInclude>
    <ClInclude Include="include\glm\gtx\matrix_query.hpp">
      <Filter>include\glm\gtx</Filter>
    </ClInclude>
    <ClInclude Include="include\glm\gtx\matrix_transform_2d.hpp">
      <Filter>include\glm\gtx</Filter>
    </ClInclude>
    <ClInclude Include="include\glm\gtx\mixed_product.hpp">
      <Filter>include\glm\gtx</Filter>
    </ClInclude>
    <ClInclude Include="include\glm\gtx\norm.hpp">
      <Filter>include\glm\gtx</Filter>
    </ClInclude>
    <ClInclude Include="include\glm\gtx\normal.hpp">
      <Filter>include\glm\gtx</Filter>
    </ClInclude>
    <ClInclude Include="include\glm\gtx\normalize_dot.hpp">
      <Filter>include\glm\gtx</Filter>
    </ClInclude>
    <ClInclude Include="include\glm\gtx\number_precision.hpp">
      <Filter>include\glm\gtx</Filter>
    </ClInclude>
    <ClInclude Include="include\glm\gtx\optimum_pow.hpp">
      <Filter>include\glm\gtx</Filter>
    </ClInclude>
    <ClInclude Include="include\glm\gtx\orthonormalize.hpp">
      <Filter>include\glm\gtx</Filter>
    </ClInclude>
    <ClInclude Include="include\glm\gtx\perpendicular.hpp">
      <Filter>include\glm\gtx</Filter>
    </ClInclude>
    <ClInclude Include="include\glm\gtx\polar_coordinates.hpp">
      <Filter>include\glm\gtx</Filter>
    </ClInclude>
    <ClInclude Include="include\glm\gtx\projection.hpp">
      <Filter>include\glm\gtx</Filter>
    </ClInclude>
    <ClInclude Include="include\glm\gtx\quaternion.hpp">
      <Filter>include\glm\gtx</Filter>
    </ClInclude>
    <ClInclude Include="include\glm\gtx\range.hpp">
      <Filter>include\glm\gtx</Filter>
    </ClInclude>
    <ClInclude Include="include\glm\gtx\raw_data.hpp">
      <Filter>include\glm\gtx</Filter>
    </ClInclude>
    <ClInclude Include="include\glm\gtx\rotate_normalized_axis.hpp">
      <Filter>include\glm\gtx</Filter>
    </ClInclude>
    <ClInclude Include="include\glm\gtx\rotate_vector.hpp">
      <Filter>include\glm\gtx</Filter>
    </ClInclude>
    <ClInclude Include="include\glm\gtx\scalar_multiplication.hpp">
      <Filter>include\glm\gtx</Filter>
    </ClInclude>
    <ClInclude Include="include\glm\gtx\scalar_relational.hpp">
      <Filter>include\glm\gtx</Filter>
    </ClInclude>
    <ClInclude Include="include\glm\gtx\spline.hpp">
      <Filter>include\glm\gtx</Filter>
    </ClInclude>
    <ClInclude Include="include\glm\gtx\std_based_type.hpp">
      <Filter>include\glm\gtx</Filter>
    </ClInclude>
    <ClInclude Include="include\glm\gtx\string_cast.hpp">
      <Filter>include\glm\gtx</Filter>
    </ClInclude>
    <ClInclude Include="include\glm\gtx\texture.hpp">
      <Filter>include\glm\gtx</Filter>
    </ClInclude>
    <ClInclude Include="include\glm\gtx\transform.hpp">
      <Filter>include\glm\gtx</Filter>
    </ClInclude>
    <ClInclude Include="include\glm\gtx\transform2.hpp">
      <Filter>include\glm\gtx</Filter>
    </ClInclude>
    <ClInclude Include="include\glm\gtx\type_aligned.hpp">
      <Filter>include\glm\gtx</Filter>
    </ClInclude>
    <ClInclude Include="include\glm\gtx\type_trait.hpp">
      <Filter>include\glm\gtx</Filter>
    </ClInclude>
    <ClInclude Include="include\glm\gtx\vec_swizzle.hpp">
      <Filter>include\glm\gtx</Filter>
    </ClInclude>
    <ClInclude Include="include\glm\gtx\vector_angle.hpp">
      <Filter>include\glm\gtx</Filter>
    </ClInclude>
    <ClInclude Include="include\glm\gtx\vector_query.hpp">
      <Filter>include\glm\gtx</Filter>
    </ClInclude>
    <ClInclude Include="include\glm\gtx\wrap.hpp">
      <Filter>include\glm\gtx</Filter>
    </ClInclude>
    <ClInclude Include="include\glm\simd\common.h">
      <Filter>include\glm\simd</Filter>
    </ClInclude>
    <ClInclude Include="include\glm\simd\exponential.h">
      <Filter>include\glm\simd</Filter>
    </ClInclude>
    <ClInclude Include="include\glm\simd\geometric.h">
      <Filter>include\glm\simd</Filter>
    </ClInclude>
    <ClInclude Include="include\glm\simd\integer.h">
      <Filter>include\glm\simd</Filter>
    </ClInclude>
    <ClInclude Include="include\glm\simd\matrix.h">
      <Filter>include\glm\simd</Filter>
    </ClInclude>
    <ClInclude Include="include\glm\simd\packing.h">
      <Filter>include\glm\simd</Filter>
    </ClInclude>
    <ClInclude Include="include\glm\simd\platform.h">
      <Filter>include\glm\simd</Filter>
    </ClInclude>
    <ClInclude Include="include\glm\simd\trigonometric.h">
      <Filter>include\glm\simd</Filter>
    </ClInclude>
    <ClInclude Include="include\glm\simd\vector_relational.h">
      <Filter>include\glm\simd</Filter>
    </ClInclude>
    <ClInclude Include="source\framework\engine.h">
      <Filter>source\framework</Filter>
    </ClInclude>
    <ClInclude Include="source\framework\object.h">
      <Filter>source\framework</Filter>
    </ClInclude>
    <ClInclude Include="source\framework\utils.h">
      <Filter>source\framework</Filter>
    </ClInclude>
    <ClInclude Include="source\game\plane.h">
      <Filter>source\game</Filter>
    </ClInclude>
    <ClInclude Include="source\game\core.h">
      <Filter>source\game</Filter>
    </ClInclude>
    <ClInclude Include="source\game\joint_buffer.h">
      <Filter>source\game</Filter>
    </ClInclude>
    <ClInclude Include="source\game\structures.h">
      <Filter>source\game</Filter>
    </ClInclude>
    <ClInclude Include="source\game\sphere.h">
      <Filter>source\game</Filter>
    </ClInclude>
    <ClInclude Include="source\game\cube.h" />
    <ClInclude Include="source\game\intersection.h" />
  </ItemGroup>
</Project>